# This file was autogenerated by Stack.
# You should not edit this file by hand.
# For more information, please see the documentation at:
#   https://docs.haskellstack.org/en/stable/lock_files

packages:
- completed:
    hackage: clang-pure-0.2.0.6@sha256:c418f87154acc69fb8257379953a32215c518151d39b6fe1da61994495039b26,3766
    pantry-tree:
      size: 1293
      sha256: ca33cb1a1f7d69f676b75a1d66fb20612ef5d8a9434f0079057728dca624db84
  original:
    hackage: clang-pure-0.2.0.6@sha256:c418f87154acc69fb8257379953a32215c518151d39b6fe1da61994495039b26,3766
snapshots:
- completed:
    size: 523448
    url: https://raw.githubusercontent.com/commercialhaskell/stackage-snapshots/master/lts/14/1.yaml
    sha256: 0045b9bae36c3bb2dd374c29b586389845af1557eea0423958d152fc500d4fbf
  original: lts-14.1
