# This file was autogenerated by Stack.
# You should not edit this file by hand.
# For more information, please see the documentation at:
#   https://docs.haskellstack.org/en/stable/lock_files

packages:
- completed:
    hackage: clang-pure-0.2.0.5@sha256:b93f04e7682b846ca3e2ba5c3d08816422119f20609ff01c92b3cf661f9d4cda,3766
    pantry-tree:
      size: 1293
      sha256: a946ade0b7f7cf8138d2411ac36be23f31a23dcd3c5b22dc645034ecd5caf3ea
  original:
    hackage: clang-pure-0.2.0.5@sha256:b93f04e7682b846ca3e2ba5c3d08816422119f20609ff01c92b3cf661f9d4cda,3766
snapshots:
- completed:
    size: 523448
    url: https://raw.githubusercontent.com/commercialhaskell/stackage-snapshots/master/lts/14/1.yaml
    sha256: 0045b9bae36c3bb2dd374c29b586389845af1557eea0423958d152fc500d4fbf
  original: lts-14.1
